{
  "object": {
    "pins": [
      {
        "package": "Bits",
        "repositoryURL": "https://github.com/alja7dali/swift-bits.git",
        "state": {
          "branch": null,
          "revision": "83668ec40d877d9e0012ba93359191cfc4bf04af",
          "version": "1.0.0"
        }
      },
      {
        "package": "Sodium",
        "repositoryURL": "https://github.com/jedisct1/swift-sodium.git",
        "state": {
          "branch": null,
          "revision": "4f9164a0a2c9a6a7ff53a2833d54a5c79c957342",
          "version": "0.9.1"
        }
      }
    ]
  },
  "version": 1
}
