{
  "object": {
    "pins": [
      {
        "package": "Bits",
        "repositoryURL": "https://github.com/alja7dali/swift-bits.git",
        "state": {
          "branch": null,
          "revision": "83668ec40d877d9e0012ba93359191cfc4bf04af",
          "version": "1.0.0"
        }
      },
      {
        "package": "Sodium",
        "repositoryURL": "https://github.com/jedisct1/swift-sodium.git",
        "state": {
          "branch": null,
          "revision": "e7e799cd1eaa4d0f6d3eab56832e7f4b377f4a4f",
          "version": "0.10.0"
        }
      }
    ]
  },
  "version": 1
}
