PODS:
  - OctezConnectBlockchainSubstrate (4.0.0):
    - OctezConnectCore (~> 4.0.0)
  - OctezConnectBlockchainTezos (4.0.0):
    - OctezConnectCore (~> 4.0.0)
  - OctezConnectClientDApp (4.0.0):
    - OctezConnectCore (~> 4.0.0)
  - OctezConnectClientWallet (4.0.0):
    - OctezConnectCore (~> 4.0.0)
  - OctezConnectCore (4.0.0):
    - Sodium (~> 0.9.1)
  - OctezConnectTransportP2PMatrix (4.0.0):
    - OctezConnectCore (~> 4.0.0)
  - Sodium (0.9.1)

DEPENDENCIES:
  - OctezConnectBlockchainSubstrate (from `../../`)
  - OctezConnectBlockchainTezos (from `../../`)
  - OctezConnectClientDApp (from `../../`)
  - OctezConnectClientWallet (from `../../`)
  - OctezConnectCore (from `../../`)
  - OctezConnectTransportP2PMatrix (from `../../`)

SPEC REPOS:
  trunk:
    - Sodium

EXTERNAL SOURCES:
  OctezConnectBlockchainSubstrate:
    :path: "../../"
  OctezConnectBlockchainTezos:
    :path: "../../"
  OctezConnectClientDApp:
    :path: "../../"
  OctezConnectClientWallet:
    :path: "../../"
  OctezConnectCore:
    :path: "../../"
  OctezConnectTransportP2PMatrix:
    :path: "../../"

SPEC CHECKSUMS:
  OctezConnectBlockchainSubstrate: d07be2f025c00fa307839ff2596f1379c46631bb
  OctezConnectBlockchainTezos: 4e26a07c471dded3a98c3cc3ce244bb7301510cb
  OctezConnectClientDApp: 15431fe51f004941544b4294be74027e87d2f059
  OctezConnectClientWallet: 642a8b3d1ad349149b10e9520b4f9ac6078de186
  OctezConnectCore: bbc4938ba9f55792edd2d9eba20a70f2757cb8fc
  OctezConnectTransportP2PMatrix: a513d4054de6a6e14587d903ed5142c94bcd07ee
  Sodium: 23d11554ecd556196d313cf6130d406dfe7ac6da

PODFILE CHECKSUM: 8d115b4743e59fc7bbea705d719cfc9d09d1c7a5

COCOAPODS: 1.16.2
