PODS:
  - Base58Swift (2.1.10):
    - BigInt (~> 5.0.0)
  - BeaconBlockchainSubstrate (3.2.1-beta.1):
    - BeaconCore (~> 3.2.1-beta.1)
  - BeaconBlockchainTezos (3.2.1-beta.1):
    - BeaconCore (~> 3.2.1-beta.1)
  - BeaconClientDApp (3.2.1-beta.1):
    - BeaconCore (~> 3.2.1-beta.1)
  - BeaconClientWallet (3.2.1-beta.1):
    - BeaconCore (~> 3.2.1-beta.1)
  - BeaconCore (3.2.1-beta.1):
    - Base58Swift (~> 2.1.0)
    - Sodium (~> 0.9.1)
  - BeaconTransportP2PMatrix (3.2.1-beta.1):
    - BeaconCore (~> 3.2.1-beta.1)
  - BigInt (5.0.0)
  - Sodium (0.9.1)

DEPENDENCIES:
  - BeaconBlockchainSubstrate (from `https://github.com/airgap-it/beacon-ios-sdk`, tag `3.2.1-beta.1`)
  - BeaconBlockchainTezos (from `https://github.com/airgap-it/beacon-ios-sdk`, tag `3.2.1-beta.1`)
  - BeaconClientDApp (from `https://github.com/airgap-it/beacon-ios-sdk`, tag `3.2.1-beta.1`)
  - BeaconClientWallet (from `https://github.com/airgap-it/beacon-ios-sdk`, tag `3.2.1-beta.1`)
  - BeaconCore (from `https://github.com/airgap-it/beacon-ios-sdk`, tag `3.2.1-beta.1`)
  - BeaconTransportP2PMatrix (from `https://github.com/airgap-it/beacon-ios-sdk`, tag `3.2.1-beta.1`)

SPEC REPOS:
  trunk:
    - Base58Swift
    - BigInt
    - Sodium

EXTERNAL SOURCES:
  BeaconBlockchainSubstrate:
    :git: https://github.com/airgap-it/beacon-ios-sdk
    :tag: 3.2.1-beta.1
  BeaconBlockchainTezos:
    :git: https://github.com/airgap-it/beacon-ios-sdk
    :tag: 3.2.1-beta.1
  BeaconClientDApp:
    :git: https://github.com/airgap-it/beacon-ios-sdk
    :tag: 3.2.1-beta.1
  BeaconClientWallet:
    :git: https://github.com/airgap-it/beacon-ios-sdk
    :tag: 3.2.1-beta.1
  BeaconCore:
    :git: https://github.com/airgap-it/beacon-ios-sdk
    :tag: 3.2.1-beta.1
  BeaconTransportP2PMatrix:
    :git: https://github.com/airgap-it/beacon-ios-sdk
    :tag: 3.2.1-beta.1

CHECKOUT OPTIONS:
  BeaconBlockchainSubstrate:
    :git: https://github.com/airgap-it/beacon-ios-sdk
    :tag: 3.2.1-beta.1
  BeaconBlockchainTezos:
    :git: https://github.com/airgap-it/beacon-ios-sdk
    :tag: 3.2.1-beta.1
  BeaconClientDApp:
    :git: https://github.com/airgap-it/beacon-ios-sdk
    :tag: 3.2.1-beta.1
  BeaconClientWallet:
    :git: https://github.com/airgap-it/beacon-ios-sdk
    :tag: 3.2.1-beta.1
  BeaconCore:
    :git: https://github.com/airgap-it/beacon-ios-sdk
    :tag: 3.2.1-beta.1
  BeaconTransportP2PMatrix:
    :git: https://github.com/airgap-it/beacon-ios-sdk
    :tag: 3.2.1-beta.1

SPEC CHECKSUMS:
  Base58Swift: 53d551f0b33d9478fa63b3445e453a772d6b31a7
  BeaconBlockchainSubstrate: d49d392bd6924884490fddccaa338395c90625b7
  BeaconBlockchainTezos: ae7fb8a833cf99d6f44ff6245bc2decb20cb59e5
  BeaconClientDApp: 36ee6927d9303e1de74ec5aa02ea0a328a313eb1
  BeaconClientWallet: 6ad8244caa51b11257c2082c53ec2326f12f4d2c
  BeaconCore: fe47e9d9fdfe94abd04922b27c4ab540cbf56ee7
  BeaconTransportP2PMatrix: 796fd8d4960c7fa5f14130e9099694f99644f775
  BigInt: 74b4d88367b0e819d9f77393549226d36faeb0d8
  Sodium: 23d11554ecd556196d313cf6130d406dfe7ac6da

PODFILE CHECKSUM: c2c9d9958829778009f88ca2c970e2b69133a0b5

COCOAPODS: 1.11.2
