{
  "object": {
    "pins": [
      {
        "package": "Base58Swift",
        "repositoryURL": "https://github.com/keefertaylor/Base58Swift.git",
        "state": {
          "branch": null,
          "revision": "1c13ea6b07f1584660526f8bde3d4cc150e91acd",
          "version": "2.1.14"
        }
      },
      {
        "package": "BigInt",
        "repositoryURL": "https://github.com/attaswift/BigInt.git",
        "state": {
          "branch": null,
          "revision": "889a1ecacd73ccc189c5cb29288048f186c44ed9",
          "version": "5.2.1"
        }
      },
      {
        "package": "Clibsodium",
        "repositoryURL": "https://github.com/junelife/clibsodium-xcframework",
        "state": {
          "branch": null,
          "revision": "7d07eaac8f6fc7ad3248b1a8c601e0c098c552dc",
          "version": "0.9.2"
        }
      },
      {
        "package": "Sodium",
        "repositoryURL": "https://github.com/junelife/swift-sodium.git",
        "state": {
          "branch": "spm",
          "revision": "7487d6239c90d3f609de891782d0596d39beddb8",
          "version": null
        }
      }
    ]
  },
  "version": 1
}
